
Microsoft Visual Studio Solution File, Format Version 12.00
# Visual Studio 15
VisualStudioVersion = 15.0.28307.960
MinimumVisualStudioVersion = 10.0.40219.1
Project("{FAE04EC0-301F-11D3-BF4B-00C04F79EFBC}") = "leeftijd", "leeftijd\leeftijd.csproj", "{357D8129-5359-41C8-9FE1-0656B95BD78F}"
EndProject
Global
	GlobalSection(SolutionConfigurationPlatforms) = preSolution
		Debug|Any CPU = Debug|Any CPU
		Release|Any CPU = Release|Any CPU
	EndGlobalSection
	GlobalSection(ProjectConfigurationPlatforms) = postSolution
		{357D8129-5359-41C8-9FE1-0656B95BD78F}.Debug|Any CPU.ActiveCfg = Debug|Any CPU
		{357D8129-5359-41C8-9FE1-0656B95BD78F}.Debug|Any CPU.Build.0 = Debug|Any CPU
		{357D8129-5359-41C8-9FE1-0656B95BD78F}.Release|Any CPU.ActiveCfg = Release|Any CPU
		{357D8129-5359-41C8-9FE1-0656B95BD78F}.Release|Any CPU.Build.0 = Release|Any CPU
	EndGlobalSection
	GlobalSection(SolutionProperties) = preSolution
		HideSolutionNode = FALSE
	EndGlobalSection
	GlobalSection(ExtensibilityGlobals) = postSolution
		SolutionGuid = {EFB2A527-204F-4BA4-943A-2FC5D259632A}
	EndGlobalSection
EndGlobal
